lockfileVersion: '9.0'

settings:
  autoInstallPeers: true
  excludeLinksFromLockfile: false

importers:

  .:
    dependencies:
      '@polkadot/api':
        specifier: ^15.9.1
        version: 15.9.1
      '@polkadot/keyring':
        specifier: ^13.4.3
        version: 13.4.3(@polkadot/util-crypto@13.4.3(@polkadot/util@13.4.3))(@polkadot/util@13.4.3)
      '@polkadot/types':
        specifier: ^15.9.1
        version: 15.9.1
      '@polkadot/util':
        specifier: ^13.4.3
        version: 13.4.3
      '@polkadot/util-crypto':
        specifier: ^13.4.3
        version: 13.4.3(@polkadot/util@13.4.3)
      dotenv:
        specifier: ^16.4.7
        version: 16.4.7
      log-timestamp:
        specifier: ^0.3.0
        version: 0.3.0
    devDependencies:
      typescript:
        specifier: ^5.8.3
        version: 5.8.3

packages:

  '@noble/curves@1.8.1':
    resolution: {integrity: sha512-warwspo+UYUPep0Q+vtdVB4Ugn8GGQj8iyB3gnRWsztmUHTI3S1nhdiWNsPUGL0vud7JlRRk1XEu7Lq1KGTnMQ==}
    engines: {node: ^14.21.3 || >=16}

  '@noble/hashes@1.7.1':
    resolution: {integrity: sha512-B8XBPsn4vT/KJAGqDzbwztd+6Yte3P4V7iafm24bxgDe/mlRuK6xmWPuCNrKt2vDafZ8MfJLlchDG/vYafQEjQ==}
    engines: {node: ^14.21.3 || >=16}

  '@polkadot-api/json-rpc-provider-proxy@0.1.0':
    resolution: {integrity: sha512-8GSFE5+EF73MCuLQm8tjrbCqlgclcHBSRaswvXziJ0ZW7iw3UEMsKkkKvELayWyBuOPa2T5i1nj6gFOeIsqvrg==}

  '@polkadot-api/json-rpc-provider@0.0.1':
    resolution: {integrity: sha512-/SMC/l7foRjpykLTUTacIH05H3mr9ip8b5xxfwXlVezXrNVLp3Cv0GX6uItkKd+ZjzVPf3PFrDF2B2/HLSNESA==}

  '@polkadot-api/metadata-builders@0.3.2':
    resolution: {integrity: sha512-TKpfoT6vTb+513KDzMBTfCb/ORdgRnsS3TDFpOhAhZ08ikvK+hjHMt5plPiAX/OWkm1Wc9I3+K6W0hX5Ab7MVg==}

  '@polkadot-api/observable-client@0.3.2':
    resolution: {integrity: sha512-HGgqWgEutVyOBXoGOPp4+IAq6CNdK/3MfQJmhCJb8YaJiaK4W6aRGrdQuQSTPHfERHCARt9BrOmEvTXAT257Ug==}
    peerDependencies:
      '@polkadot-api/substrate-client': 0.1.4
      rxjs: '>=7.8.0'

  '@polkadot-api/substrate-bindings@0.6.0':
    resolution: {integrity: sha512-lGuhE74NA1/PqdN7fKFdE5C1gNYX357j1tWzdlPXI0kQ7h3kN0zfxNOpPUN7dIrPcOFZ6C0tRRVrBylXkI6xPw==}

  '@polkadot-api/substrate-client@0.1.4':
    resolution: {integrity: sha512-MljrPobN0ZWTpn++da9vOvt+Ex+NlqTlr/XT7zi9sqPtDJiQcYl+d29hFAgpaeTqbeQKZwz3WDE9xcEfLE8c5A==}

  '@polkadot-api/utils@0.1.0':
    resolution: {integrity: sha512-MXzWZeuGxKizPx2Xf/47wx9sr/uxKw39bVJUptTJdsaQn/TGq+z310mHzf1RCGvC1diHM8f593KrnDgc9oNbJA==}

  '@polkadot/api-augment@15.9.1':
    resolution: {integrity: sha512-LAA21O5AW1hlVaqPxEONAcU0PGcA3iUtFqgQSomH7eDkl3QwqNWgB/G2MfcI5/auXjXcN7Sd7SxAEnx0XQDf2g==}
    engines: {node: '>=18'}

  '@polkadot/api-base@15.9.1':
    resolution: {integrity: sha512-nIfM+txk/HH9N6w2b3dQ8LDBoxoJCGrcCUpJ1v0fGfeOccz7ioxGS4DG8JbH7r0RRZruT1SAXFEQIn/d40xz5A==}
    engines: {node: '>=18'}

  '@polkadot/api-derive@15.9.1':
    resolution: {integrity: sha512-BXQudyPET/neHwgjoLBt7apCO7HvYj0ZNHHSOeCgrzVIwfQ/NEOou3oIyPU4+ENEH+kdfwKTXNx2KYFu9M7X2Q==}
    engines: {node: '>=18'}

  '@polkadot/api@15.9.1':
    resolution: {integrity: sha512-VpS7ymL0kzUOXTocJa0AvrnAGUMgT2niyBa5oplItZf3nqF+gSyvdKkP1T9i9Tpp2sbvmwzcMBKUF4G/d+Q02w==}
    engines: {node: '>=18'}

  '@polkadot/keyring@13.4.3':
    resolution: {integrity: sha512-2ePNcvBTznDN2luKbZM5fdxgAnj7V8m276qSTgrHlqKVvg9FsQpRCR6CAU+AjhnHzpe7uiZO+UH+jlXWefI3AA==}
    engines: {node: '>=18'}
    peerDependencies:
      '@polkadot/util': 13.4.3
      '@polkadot/util-crypto': 13.4.3

  '@polkadot/networks@13.4.3':
    resolution: {integrity: sha512-Z+YZkltBt//CtkVH8ZYJ1z66qYxdI0yPamzkzZAqw6gj3gjgSxKtxB4baA/rcAw05QTvN2R3dLkkmKr2mnHovQ==}
    engines: {node: '>=18'}

  '@polkadot/rpc-augment@15.9.1':
    resolution: {integrity: sha512-+hQHQpUGoE3syT6jTfRAJ/Brt5eO8ma4zD/CRL2vrgcE9Jdfpg3kskCDnYfCr5qMDCI1Sa380xxxbNQJFCdRjA==}
    engines: {node: '>=18'}

  '@polkadot/rpc-core@15.9.1':
    resolution: {integrity: sha512-Wat4Qkw6USBzUpGCqIMH3uebOb3orUmaczIxVvKrV6VhFsm4QfQwkSgOROiJdOjIiS2sZxvtwzK8+l1U4c5MgA==}
    engines: {node: '>=18'}

  '@polkadot/rpc-provider@15.9.1':
    resolution: {integrity: sha512-FlWVI0q4RmQbLnB9O36WY/4zyMdpK4YyQyiskK06SyhfuKMwaXJdphKWz6wkKspvinW9duGJcittrC3wMKj6Ug==}
    engines: {node: '>=18'}

  '@polkadot/types-augment@15.9.1':
    resolution: {integrity: sha512-jEyDECSC6ww+5RLeVl32CZdtAQpWqgOv1HneXhvF15b0fRxSZgzHJ11hdYBw6I6aWJroPSgj32BNBG4qW1R2jw==}
    engines: {node: '>=18'}

  '@polkadot/types-codec@15.9.1':
    resolution: {integrity: sha512-HtfbTSRualmOZQnil2+8Ff6OHJXv67ndN8f92+cbL1VhnesKbbgDK3TE64YqKlZfZkOTNy4q/2a1P9E1LTCBNA==}
    engines: {node: '>=18'}

  '@polkadot/types-create@15.9.1':
    resolution: {integrity: sha512-qL3SDZpwlzjD5obBBjMapOTtEV34z+OC66jHL+DoOcUeecZ4e5j1fVZMyRmsWe32ER/MuHWhxVWRCTzdpUwtOg==}
    engines: {node: '>=18'}

  '@polkadot/types-known@15.9.1':
    resolution: {integrity: sha512-9w+ycPJKLiKpcmXACeiRKK43PBuK11ZBOUkmRTwyQuK9OHW2XImHecOASAZaAuRzSA675wZaJ8ntvvVeMQ5+vw==}
    engines: {node: '>=18'}

  '@polkadot/types-support@15.9.1':
    resolution: {integrity: sha512-KpJ/q5Bc0kYvGVK6cUJQmaq+zAFpTJB3cv+C7EgeBowgWRzz9tPKG9kEFlEw6ZumOz2jk/1eVMJ8dajFSeqs4w==}
    engines: {node: '>=18'}

  '@polkadot/types@15.9.1':
    resolution: {integrity: sha512-F1cbpQeGaoBXm40re6idspqXeKQ/MVnC3Y2zGeJW6huXCz1QDfl+pMbFBCBTvU8uSoV2ii+F28vpmIOO9aDkQQ==}
    engines: {node: '>=18'}

  '@polkadot/util-crypto@13.4.3':
    resolution: {integrity: sha512-Ml0mjhKVetMrRCIosmVNMa6lbFPa3fSAeOggf34NsDIIQOKt9FL644iGz1ZSMOnBwN9qk2qHYmcFMTDXX2yKVQ==}
    engines: {node: '>=18'}
    peerDependencies:
      '@polkadot/util': 13.4.3

  '@polkadot/util@13.4.3':
    resolution: {integrity: sha512-6v2zvg8l7W22XvjYf7qv9tPQdYl2E6aXY94M4TZKsXZxmlS5BoG+A9Aq0+Gw8zBUjupjEmUkA6Y//msO8Zisug==}
    engines: {node: '>=18'}

  '@polkadot/wasm-bridge@7.4.1':
    resolution: {integrity: sha512-tdkJaV453tezBxhF39r4oeG0A39sPKGDJmN81LYLf+Fihb7astzwju+u75BRmDrHZjZIv00un3razJEWCxze6g==}
    engines: {node: '>=18'}
    peerDependencies:
      '@polkadot/util': '*'
      '@polkadot/x-randomvalues': '*'

  '@polkadot/wasm-crypto-asmjs@7.4.1':
    resolution: {integrity: sha512-pwU8QXhUW7IberyHJIQr37IhbB6DPkCG5FhozCiNTq4vFBsFPjm9q8aZh7oX1QHQaiAZa2m2/VjIVE+FHGbvHQ==}
    engines: {node: '>=18'}
    peerDependencies:
      '@polkadot/util': '*'

  '@polkadot/wasm-crypto-init@7.4.1':
    resolution: {integrity: sha512-AVka33+f7MvXEEIGq5U0dhaA2SaXMXnxVCQyhJTaCnJ5bRDj0Xlm3ijwDEQUiaDql7EikbkkRtmlvs95eSUWYQ==}
    engines: {node: '>=18'}
    peerDependencies:
      '@polkadot/util': '*'
      '@polkadot/x-randomvalues': '*'

  '@polkadot/wasm-crypto-wasm@7.4.1':
    resolution: {integrity: sha512-PE1OAoupFR0ZOV2O8tr7D1FEUAwaggzxtfs3Aa5gr+yxlSOaWUKeqsOYe1KdrcjmZVV3iINEAXxgrbzCmiuONg==}
    engines: {node: '>=18'}
    peerDependencies:
      '@polkadot/util': '*'

  '@polkadot/wasm-crypto@7.4.1':
    resolution: {integrity: sha512-kHN/kF7hYxm1y0WeFLWeWir6oTzvcFmR4N8fJJokR+ajYbdmrafPN+6iLgQVbhZnDdxyv9jWDuRRsDnBx8tPMQ==}
    engines: {node: '>=18'}
    peerDependencies:
      '@polkadot/util': '*'
      '@polkadot/x-randomvalues': '*'

  '@polkadot/wasm-util@7.4.1':
    resolution: {integrity: sha512-RAcxNFf3zzpkr+LX/ItAsvj+QyM56TomJ0xjUMo4wKkHjwsxkz4dWJtx5knIgQz/OthqSDMR59VNEycQeNuXzA==}
    engines: {node: '>=18'}
    peerDependencies:
      '@polkadot/util': '*'

  '@polkadot/x-bigint@13.4.3':
    resolution: {integrity: sha512-8NbjF5Q+5lflhvDFve58wULjCVcvXa932LKFtI5zL2gx5VDhMgyfkNcYRjHB18Ecl21963JuGzvGVTZNkh/i6g==}
    engines: {node: '>=18'}

  '@polkadot/x-fetch@13.4.3':
    resolution: {integrity: sha512-EwhcwROqWa7mvNTbLVNH71Hbyp5PW5j9lV2UpII5MZzRO95eYwV4oP/xgtTxC+60nC8lrvzAw0JxEHrmNzmtlg==}
    engines: {node: '>=18'}

  '@polkadot/x-global@13.4.3':
    resolution: {integrity: sha512-6c98kxZdoGRct3ua9Dz6/qz8wb3XFRUkaY+4+RzIgehKMPhu19pGWTrzmbJSyY9FtIpThuWKuDaBEvd5KgSxjA==}
    engines: {node: '>=18'}

  '@polkadot/x-randomvalues@13.4.3':
    resolution: {integrity: sha512-pskXP/S2jROZ6aASExsUFlNp7GbJvQikKogvyvMMCzNIbUYLxpLuquLRa3MOORx2c0SNsENg90cx/zHT+IjPRQ==}
    engines: {node: '>=18'}
    peerDependencies:
      '@polkadot/util': 13.4.3
      '@polkadot/wasm-util': '*'

  '@polkadot/x-textdecoder@13.4.3':
    resolution: {integrity: sha512-k7Wg6csAPxfNtpBt3k5yUuPHYmRl/nl7H2OMr40upMjbZXbQ1RJW9Z3GBkLmQczG7NwwfAXHwQE9FYOMUtbuRQ==}
    engines: {node: '>=18'}

  '@polkadot/x-textencoder@13.4.3':
    resolution: {integrity: sha512-byl2LbN1rnEXKmnsCzEDaIjSIHAr+1ciSe2yj3M0K+oWEEcaFZEovJaf/uoyzkcjn+/l8rDv3nget6mPuQ/DSw==}
    engines: {node: '>=18'}

  '@polkadot/x-ws@13.4.3':
    resolution: {integrity: sha512-GS0I6MYLD/xNAAjODZi/pbG7Ba0e/5sbvDIrT01iKH3SPGN+PZoyAsc04t2IOXA6QmPa1OBHnaU3N4K8gGmJ+w==}
    engines: {node: '>=18'}

  '@scure/base@1.2.4':
    resolution: {integrity: sha512-5Yy9czTO47mqz+/J8GM6GIId4umdCk1wc1q8rKERQulIoc8VP9pzDcghv10Tl2E7R96ZUx/PhND3ESYUQX8NuQ==}

  '@substrate/connect-extension-protocol@2.2.2':
    resolution: {integrity: sha512-t66jwrXA0s5Goq82ZtjagLNd7DPGCNjHeehRlE/gcJmJ+G56C0W+2plqOMRicJ8XGR1/YFnUSEqUFiSNbjGrAA==}

  '@substrate/connect-known-chains@1.9.3':
    resolution: {integrity: sha512-CPcykiKcVuG4J424gNUFak4AdIJ1sXbu/Bk1IGVPOz74NlBO8EvUyRlpPA7IY0vEf7/n4HQ1gEN5lfgERo4q3w==}

  '@substrate/connect@0.8.11':
    resolution: {integrity: sha512-ofLs1PAO9AtDdPbdyTYj217Pe+lBfTLltdHDs3ds8no0BseoLeAGxpz1mHfi7zB4IxI3YyAiLjH6U8cw4pj4Nw==}
    deprecated: versions below 1.x are no longer maintained

  '@substrate/light-client-extension-helpers@1.0.0':
    resolution: {integrity: sha512-TdKlni1mBBZptOaeVrKnusMg/UBpWUORNDv5fdCaJklP4RJiFOzBCrzC+CyVI5kQzsXBisZ+2pXm+rIjS38kHg==}
    peerDependencies:
      smoldot: 2.x

  '@substrate/ss58-registry@1.51.0':
    resolution: {integrity: sha512-TWDurLiPxndFgKjVavCniytBIw+t4ViOi7TYp9h/D0NMmkEc9klFTo+827eyEJ0lELpqO207Ey7uGxUa+BS1jQ==}

  '@types/bn.js@5.1.6':
    resolution: {integrity: sha512-Xh8vSwUeMKeYYrj3cX4lGQgFSF/N03r+tv4AiLl1SucqV+uTQpxRcnM8AkXKHwYP9ZPXOYXRr2KPXpVlIvqh9w==}

  '@types/node@22.14.0':
    resolution: {integrity: sha512-Kmpl+z84ILoG+3T/zQFyAJsU6EPTmOCj8/2+83fSN6djd6I4o7uOuGIH6vq3PrjY5BGitSbFuMN18j3iknubbA==}

  bn.js@5.2.1:
    resolution: {integrity: sha512-eXRvHzWyYPBuB4NBy0cmYQjGitUrtqwbvlzP3G6VFnNRbsZQIxQ10PbKKHt8gZ/HW/D/747aDl+QkDqg3KQLMQ==}

  data-uri-to-buffer@4.0.1:
    resolution: {integrity: sha512-0R9ikRb668HB7QDxT1vkpuUBtqc53YyAwMwGeUFKRojY/NWKvdZ+9UYtRfGmhqNbRkTSVpMbmyhXipFFv2cb/A==}
    engines: {node: '>= 12'}

  debug@4.4.0:
    resolution: {integrity: sha512-6WTZ/IxCY/T6BALoZHaE4ctp9xm+Z5kY/pzYaCHRFeyVhojxlrm+46y68HA6hr0TcwEssoxNiDEUJQjfPZ/RYA==}
    engines: {node: '>=6.0'}
    peerDependencies:
      supports-color: '*'
    peerDependenciesMeta:
      supports-color:
        optional: true

  dotenv@16.4.7:
    resolution: {integrity: sha512-47qPchRCykZC03FhkYAhrvwU4xDBFIj1QPqaarj6mdM/hgUzfPHcpkHJOn3mJAufFeeAxAzeGsr5X0M4k6fLZQ==}
    engines: {node: '>=12'}

  eventemitter3@5.0.1:
    resolution: {integrity: sha512-GWkBvjiSZK87ELrYOSESUYeVIc9mvLLf/nXalMOS5dYrgZq9o5OVkbZAVM06CVxYsCwH9BDZFPlQTlPA1j4ahA==}

  fetch-blob@3.2.0:
    resolution: {integrity: sha512-7yAQpD2UMJzLi1Dqv7qFYnPbaPx7ZfFK6PiIxQ4PfkGPyNyl2Ugx+a/umUonmKqjhM4DnfbMvdX6otXq83soQQ==}
    engines: {node: ^12.20 || >= 14.13}

  formdata-polyfill@4.0.10:
    resolution: {integrity: sha512-buewHzMvYL29jdeQTVILecSaZKnt/RJWjoZCF5OW60Z67/GmSLBkOFM7qh1PI3zFNtJbaZL5eQu1vLfazOwj4g==}
    engines: {node: '>=12.20.0'}

  json-stringify-safe@5.0.1:
    resolution: {integrity: sha512-ZClg6AaYvamvYEE82d3Iyd3vSSIjQ+odgjaTzRuO3s7toCdFKczob2i0zCh7JE8kWn17yvAWhUVxvqGwUalsRA==}

  log-prefix@0.1.1:
    resolution: {integrity: sha512-aP1Lst8OCdZKATqzXDN0JBissNVZuiKLyo6hOXDBxaQ1jHDsaxh2J1i5Pp0zMy6ayTKDWfUlLMXyLaQe1PJ48g==}

  log-timestamp@0.3.0:
    resolution: {integrity: sha512-luRz6soxijd1aJh0GkLXFjKABihxthvTfWTzu3XhCgg5EivG2bsTpSd63QFbUgS+/KmFtL+0RfSpeaD2QvOV8Q==}

  mock-socket@9.3.1:
    resolution: {integrity: sha512-qxBgB7Qa2sEQgHFjj0dSigq7fX4k6Saisd5Nelwp2q8mlbAFh5dHV9JTTlF8viYJLSSWgMCZFUom8PJcMNBoJw==}
    engines: {node: '>= 8'}

  ms@2.1.3:
    resolution: {integrity: sha512-6FlzubTLZG3J2a/NVCAleEhjzq5oxgHyaCU9yYXvcLsvoVaHJq/s5xXI6/XXP6tz7R9xAOtHnSO/tXtF3WRTlA==}

  nock@13.5.6:
    resolution: {integrity: sha512-o2zOYiCpzRqSzPj0Zt/dQ/DqZeYoaQ7TUonc/xUPjCGl9WeHpNbxgVvOquXYAaJzI0M9BXV3HTzG0p8IUAbBTQ==}
    engines: {node: '>= 10.13'}

  node-domexception@1.0.0:
    resolution: {integrity: sha512-/jKZoMpw0F8GRwl4/eLROPA3cfcXtLApP0QzLmUT/HuPCZWyB7IY9ZrMeKw2O/nFIqPQB3PVM9aYm0F312AXDQ==}
    engines: {node: '>=10.5.0'}

  node-fetch@3.3.2:
    resolution: {integrity: sha512-dRB78srN/l6gqWulah9SrxeYnxeddIG30+GOqK/9OlLVyLg3HPnr6SqOWTWOXKRwC2eGYCkZ59NNuSgvSrpgOA==}
    engines: {node: ^12.20.0 || ^14.13.1 || >=16.0.0}

  propagate@2.0.1:
    resolution: {integrity: sha512-vGrhOavPSTz4QVNuBNdcNXePNdNMaO1xj9yBeH1ScQPjk/rhg9sSlCXPhMkFuaNNW/syTvYqsnbIJxMBfRbbag==}
    engines: {node: '>= 8'}

  rxjs@7.8.2:
    resolution: {integrity: sha512-dhKf903U/PQZY6boNNtAGdWbG85WAbjT/1xYoZIC7FAY0yWapOBQVsVrDl58W86//e1VpMNBtRV4MaXfdMySFA==}

  scale-ts@1.6.1:
    resolution: {integrity: sha512-PBMc2AWc6wSEqJYBDPcyCLUj9/tMKnLX70jLOSndMtcUoLQucP/DM0vnQo1wJAYjTrQiq8iG9rD0q6wFzgjH7g==}

  smoldot@2.0.26:
    resolution: {integrity: sha512-F+qYmH4z2s2FK+CxGj8moYcd1ekSIKH8ywkdqlOz88Dat35iB1DIYL11aILN46YSGMzQW/lbJNS307zBSDN5Ig==}

  tslib@2.8.1:
    resolution: {integrity: sha512-oJFu94HQb+KVduSUQL7wnpmqnfmLsOA/nAh6b6EH0wCEoK0/mPeXU6c3wKDV83MkOuHPRHtSXKKU99IBazS/2w==}

  typescript@5.8.3:
    resolution: {integrity: sha512-p1diW6TqL9L07nNxvRMM7hMMw4c5XOo/1ibL4aAIGmSAt9slTE1Xgw5KWuof2uTOvCg9BY7ZRi+GaF+7sfgPeQ==}
    engines: {node: '>=14.17'}
    hasBin: true

  undici-types@6.21.0:
    resolution: {integrity: sha512-iwDZqg0QAGrg9Rav5H4n0M64c3mkR59cJ6wQp+7C4nI0gsmExaedaYLNO44eT4AtBBwjbTiGPMlt2Md0T9H9JQ==}

  web-streams-polyfill@3.3.3:
    resolution: {integrity: sha512-d2JWLCivmZYTSIoge9MsgFCZrt571BikcWGYkjC1khllbTeDlGqZ2D8vD8E/lJa8WGWbb7Plm8/XJYV7IJHZZw==}
    engines: {node: '>= 8'}

  ws@8.18.1:
    resolution: {integrity: sha512-RKW2aJZMXeMxVpnZ6bck+RswznaxmzdULiBr6KY7XkTnW8uvt0iT9H5DkHUChXrc+uurzwa0rVI16n/Xzjdz1w==}
    engines: {node: '>=10.0.0'}
    peerDependencies:
      bufferutil: ^4.0.1
      utf-8-validate: '>=5.0.2'
    peerDependenciesMeta:
      bufferutil:
        optional: true
      utf-8-validate:
        optional: true

snapshots:

  '@noble/curves@1.8.1':
    dependencies:
      '@noble/hashes': 1.7.1

  '@noble/hashes@1.7.1': {}

  '@polkadot-api/json-rpc-provider-proxy@0.1.0':
    optional: true

  '@polkadot-api/json-rpc-provider@0.0.1':
    optional: true

  '@polkadot-api/metadata-builders@0.3.2':
    dependencies:
      '@polkadot-api/substrate-bindings': 0.6.0
      '@polkadot-api/utils': 0.1.0
    optional: true

  '@polkadot-api/observable-client@0.3.2(@polkadot-api/substrate-client@0.1.4)(rxjs@7.8.2)':
    dependencies:
      '@polkadot-api/metadata-builders': 0.3.2
      '@polkadot-api/substrate-bindings': 0.6.0
      '@polkadot-api/substrate-client': 0.1.4
      '@polkadot-api/utils': 0.1.0
      rxjs: 7.8.2
    optional: true

  '@polkadot-api/substrate-bindings@0.6.0':
    dependencies:
      '@noble/hashes': 1.7.1
      '@polkadot-api/utils': 0.1.0
      '@scure/base': 1.2.4
      scale-ts: 1.6.1
    optional: true

  '@polkadot-api/substrate-client@0.1.4':
    dependencies:
      '@polkadot-api/json-rpc-provider': 0.0.1
      '@polkadot-api/utils': 0.1.0
    optional: true

  '@polkadot-api/utils@0.1.0':
    optional: true

  '@polkadot/api-augment@15.9.1':
    dependencies:
      '@polkadot/api-base': 15.9.1
      '@polkadot/rpc-augment': 15.9.1
      '@polkadot/types': 15.9.1
      '@polkadot/types-augment': 15.9.1
      '@polkadot/types-codec': 15.9.1
      '@polkadot/util': 13.4.3
      tslib: 2.8.1
    transitivePeerDependencies:
      - bufferutil
      - supports-color
      - utf-8-validate

  '@polkadot/api-base@15.9.1':
    dependencies:
      '@polkadot/rpc-core': 15.9.1
      '@polkadot/types': 15.9.1
      '@polkadot/util': 13.4.3
      rxjs: 7.8.2
      tslib: 2.8.1
    transitivePeerDependencies:
      - bufferutil
      - supports-color
      - utf-8-validate

  '@polkadot/api-derive@15.9.1':
    dependencies:
      '@polkadot/api': 15.9.1
      '@polkadot/api-augment': 15.9.1
      '@polkadot/api-base': 15.9.1
      '@polkadot/rpc-core': 15.9.1
      '@polkadot/types': 15.9.1
      '@polkadot/types-codec': 15.9.1
      '@polkadot/util': 13.4.3
      '@polkadot/util-crypto': 13.4.3(@polkadot/util@13.4.3)
      rxjs: 7.8.2
      tslib: 2.8.1
    transitivePeerDependencies:
      - bufferutil
      - supports-color
      - utf-8-validate

  '@polkadot/api@15.9.1':
    dependencies:
      '@polkadot/api-augment': 15.9.1
      '@polkadot/api-base': 15.9.1
      '@polkadot/api-derive': 15.9.1
      '@polkadot/keyring': 13.4.3(@polkadot/util-crypto@13.4.3(@polkadot/util@13.4.3))(@polkadot/util@13.4.3)
      '@polkadot/rpc-augment': 15.9.1
      '@polkadot/rpc-core': 15.9.1
      '@polkadot/rpc-provider': 15.9.1
      '@polkadot/types': 15.9.1
      '@polkadot/types-augment': 15.9.1
      '@polkadot/types-codec': 15.9.1
      '@polkadot/types-create': 15.9.1
      '@polkadot/types-known': 15.9.1
      '@polkadot/util': 13.4.3
      '@polkadot/util-crypto': 13.4.3(@polkadot/util@13.4.3)
      eventemitter3: 5.0.1
      rxjs: 7.8.2
      tslib: 2.8.1
    transitivePeerDependencies:
      - bufferutil
      - supports-color
      - utf-8-validate

  '@polkadot/keyring@13.4.3(@polkadot/util-crypto@13.4.3(@polkadot/util@13.4.3))(@polkadot/util@13.4.3)':
    dependencies:
      '@polkadot/util': 13.4.3
      '@polkadot/util-crypto': 13.4.3(@polkadot/util@13.4.3)
      tslib: 2.8.1

  '@polkadot/networks@13.4.3':
    dependencies:
      '@polkadot/util': 13.4.3
      '@substrate/ss58-registry': 1.51.0
      tslib: 2.8.1

  '@polkadot/rpc-augment@15.9.1':
    dependencies:
      '@polkadot/rpc-core': 15.9.1
      '@polkadot/types': 15.9.1
      '@polkadot/types-codec': 15.9.1
      '@polkadot/util': 13.4.3
      tslib: 2.8.1
    transitivePeerDependencies:
      - bufferutil
      - supports-color
      - utf-8-validate

  '@polkadot/rpc-core@15.9.1':
    dependencies:
      '@polkadot/rpc-augment': 15.9.1
      '@polkadot/rpc-provider': 15.9.1
      '@polkadot/types': 15.9.1
      '@polkadot/util': 13.4.3
      rxjs: 7.8.2
      tslib: 2.8.1
    transitivePeerDependencies:
      - bufferutil
      - supports-color
      - utf-8-validate

  '@polkadot/rpc-provider@15.9.1':
    dependencies:
      '@polkadot/keyring': 13.4.3(@polkadot/util-crypto@13.4.3(@polkadot/util@13.4.3))(@polkadot/util@13.4.3)
      '@polkadot/types': 15.9.1
      '@polkadot/types-support': 15.9.1
      '@polkadot/util': 13.4.3
      '@polkadot/util-crypto': 13.4.3(@polkadot/util@13.4.3)
      '@polkadot/x-fetch': 13.4.3
      '@polkadot/x-global': 13.4.3
      '@polkadot/x-ws': 13.4.3
      eventemitter3: 5.0.1
      mock-socket: 9.3.1
      nock: 13.5.6
      tslib: 2.8.1
    optionalDependencies:
      '@substrate/connect': 0.8.11
    transitivePeerDependencies:
      - bufferutil
      - supports-color
      - utf-8-validate

  '@polkadot/types-augment@15.9.1':
    dependencies:
      '@polkadot/types': 15.9.1
      '@polkadot/types-codec': 15.9.1
      '@polkadot/util': 13.4.3
      tslib: 2.8.1

  '@polkadot/types-codec@15.9.1':
    dependencies:
      '@polkadot/util': 13.4.3
      '@polkadot/x-bigint': 13.4.3
      tslib: 2.8.1

  '@polkadot/types-create@15.9.1':
    dependencies:
      '@polkadot/types-codec': 15.9.1
      '@polkadot/util': 13.4.3
      tslib: 2.8.1

  '@polkadot/types-known@15.9.1':
    dependencies:
      '@polkadot/networks': 13.4.3
      '@polkadot/types': 15.9.1
      '@polkadot/types-codec': 15.9.1
      '@polkadot/types-create': 15.9.1
      '@polkadot/util': 13.4.3
      tslib: 2.8.1

  '@polkadot/types-support@15.9.1':
    dependencies:
      '@polkadot/util': 13.4.3
      tslib: 2.8.1

  '@polkadot/types@15.9.1':
    dependencies:
      '@polkadot/keyring': 13.4.3(@polkadot/util-crypto@13.4.3(@polkadot/util@13.4.3))(@polkadot/util@13.4.3)
      '@polkadot/types-augment': 15.9.1
      '@polkadot/types-codec': 15.9.1
      '@polkadot/types-create': 15.9.1
      '@polkadot/util': 13.4.3
      '@polkadot/util-crypto': 13.4.3(@polkadot/util@13.4.3)
      rxjs: 7.8.2
      tslib: 2.8.1

  '@polkadot/util-crypto@13.4.3(@polkadot/util@13.4.3)':
    dependencies:
      '@noble/curves': 1.8.1
      '@noble/hashes': 1.7.1
      '@polkadot/networks': 13.4.3
      '@polkadot/util': 13.4.3
      '@polkadot/wasm-crypto': 7.4.1(@polkadot/util@13.4.3)(@polkadot/x-randomvalues@13.4.3(@polkadot/util@13.4.3)(@polkadot/wasm-util@7.4.1(@polkadot/util@13.4.3)))
      '@polkadot/wasm-util': 7.4.1(@polkadot/util@13.4.3)
      '@polkadot/x-bigint': 13.4.3
      '@polkadot/x-randomvalues': 13.4.3(@polkadot/util@13.4.3)(@polkadot/wasm-util@7.4.1(@polkadot/util@13.4.3))
      '@scure/base': 1.2.4
      tslib: 2.8.1

  '@polkadot/util@13.4.3':
    dependencies:
      '@polkadot/x-bigint': 13.4.3
      '@polkadot/x-global': 13.4.3
      '@polkadot/x-textdecoder': 13.4.3
      '@polkadot/x-textencoder': 13.4.3
      '@types/bn.js': 5.1.6
      bn.js: 5.2.1
      tslib: 2.8.1

  '@polkadot/wasm-bridge@7.4.1(@polkadot/util@13.4.3)(@polkadot/x-randomvalues@13.4.3(@polkadot/util@13.4.3)(@polkadot/wasm-util@7.4.1(@polkadot/util@13.4.3)))':
    dependencies:
      '@polkadot/util': 13.4.3
      '@polkadot/wasm-util': 7.4.1(@polkadot/util@13.4.3)
      '@polkadot/x-randomvalues': 13.4.3(@polkadot/util@13.4.3)(@polkadot/wasm-util@7.4.1(@polkadot/util@13.4.3))
      tslib: 2.8.1

  '@polkadot/wasm-crypto-asmjs@7.4.1(@polkadot/util@13.4.3)':
    dependencies:
      '@polkadot/util': 13.4.3
      tslib: 2.8.1

  '@polkadot/wasm-crypto-init@7.4.1(@polkadot/util@13.4.3)(@polkadot/x-randomvalues@13.4.3(@polkadot/util@13.4.3)(@polkadot/wasm-util@7.4.1(@polkadot/util@13.4.3)))':
    dependencies:
      '@polkadot/util': 13.4.3
      '@polkadot/wasm-bridge': 7.4.1(@polkadot/util@13.4.3)(@polkadot/x-randomvalues@13.4.3(@polkadot/util@13.4.3)(@polkadot/wasm-util@7.4.1(@polkadot/util@13.4.3)))
      '@polkadot/wasm-crypto-asmjs': 7.4.1(@polkadot/util@13.4.3)
      '@polkadot/wasm-crypto-wasm': 7.4.1(@polkadot/util@13.4.3)
      '@polkadot/wasm-util': 7.4.1(@polkadot/util@13.4.3)
      '@polkadot/x-randomvalues': 13.4.3(@polkadot/util@13.4.3)(@polkadot/wasm-util@7.4.1(@polkadot/util@13.4.3))
      tslib: 2.8.1

  '@polkadot/wasm-crypto-wasm@7.4.1(@polkadot/util@13.4.3)':
    dependencies:
      '@polkadot/util': 13.4.3
      '@polkadot/wasm-util': 7.4.1(@polkadot/util@13.4.3)
      tslib: 2.8.1

  '@polkadot/wasm-crypto@7.4.1(@polkadot/util@13.4.3)(@polkadot/x-randomvalues@13.4.3(@polkadot/util@13.4.3)(@polkadot/wasm-util@7.4.1(@polkadot/util@13.4.3)))':
    dependencies:
      '@polkadot/util': 13.4.3
      '@polkadot/wasm-bridge': 7.4.1(@polkadot/util@13.4.3)(@polkadot/x-randomvalues@13.4.3(@polkadot/util@13.4.3)(@polkadot/wasm-util@7.4.1(@polkadot/util@13.4.3)))
      '@polkadot/wasm-crypto-asmjs': 7.4.1(@polkadot/util@13.4.3)
      '@polkadot/wasm-crypto-init': 7.4.1(@polkadot/util@13.4.3)(@polkadot/x-randomvalues@13.4.3(@polkadot/util@13.4.3)(@polkadot/wasm-util@7.4.1(@polkadot/util@13.4.3)))
      '@polkadot/wasm-crypto-wasm': 7.4.1(@polkadot/util@13.4.3)
      '@polkadot/wasm-util': 7.4.1(@polkadot/util@13.4.3)
      '@polkadot/x-randomvalues': 13.4.3(@polkadot/util@13.4.3)(@polkadot/wasm-util@7.4.1(@polkadot/util@13.4.3))
      tslib: 2.8.1

  '@polkadot/wasm-util@7.4.1(@polkadot/util@13.4.3)':
    dependencies:
      '@polkadot/util': 13.4.3
      tslib: 2.8.1

  '@polkadot/x-bigint@13.4.3':
    dependencies:
      '@polkadot/x-global': 13.4.3
      tslib: 2.8.1

  '@polkadot/x-fetch@13.4.3':
    dependencies:
      '@polkadot/x-global': 13.4.3
      node-fetch: 3.3.2
      tslib: 2.8.1

  '@polkadot/x-global@13.4.3':
    dependencies:
      tslib: 2.8.1

  '@polkadot/x-randomvalues@13.4.3(@polkadot/util@13.4.3)(@polkadot/wasm-util@7.4.1(@polkadot/util@13.4.3))':
    dependencies:
      '@polkadot/util': 13.4.3
      '@polkadot/wasm-util': 7.4.1(@polkadot/util@13.4.3)
      '@polkadot/x-global': 13.4.3
      tslib: 2.8.1

  '@polkadot/x-textdecoder@13.4.3':
    dependencies:
      '@polkadot/x-global': 13.4.3
      tslib: 2.8.1

  '@polkadot/x-textencoder@13.4.3':
    dependencies:
      '@polkadot/x-global': 13.4.3
      tslib: 2.8.1

  '@polkadot/x-ws@13.4.3':
    dependencies:
      '@polkadot/x-global': 13.4.3
      tslib: 2.8.1
      ws: 8.18.1
    transitivePeerDependencies:
      - bufferutil
      - utf-8-validate

  '@scure/base@1.2.4': {}

  '@substrate/connect-extension-protocol@2.2.2':
    optional: true

  '@substrate/connect-known-chains@1.9.3':
    optional: true

  '@substrate/connect@0.8.11':
    dependencies:
      '@substrate/connect-extension-protocol': 2.2.2
      '@substrate/connect-known-chains': 1.9.3
      '@substrate/light-client-extension-helpers': 1.0.0(smoldot@2.0.26)
      smoldot: 2.0.26
    transitivePeerDependencies:
      - bufferutil
      - utf-8-validate
    optional: true

  '@substrate/light-client-extension-helpers@1.0.0(smoldot@2.0.26)':
    dependencies:
      '@polkadot-api/json-rpc-provider': 0.0.1
      '@polkadot-api/json-rpc-provider-proxy': 0.1.0
      '@polkadot-api/observable-client': 0.3.2(@polkadot-api/substrate-client@0.1.4)(rxjs@7.8.2)
      '@polkadot-api/substrate-client': 0.1.4
      '@substrate/connect-extension-protocol': 2.2.2
      '@substrate/connect-known-chains': 1.9.3
      rxjs: 7.8.2
      smoldot: 2.0.26
    optional: true

  '@substrate/ss58-registry@1.51.0': {}

  '@types/bn.js@5.1.6':
    dependencies:
      '@types/node': 22.14.0

  '@types/node@22.14.0':
    dependencies:
      undici-types: 6.21.0

  bn.js@5.2.1: {}

  data-uri-to-buffer@4.0.1: {}

  debug@4.4.0:
    dependencies:
      ms: 2.1.3

  dotenv@16.4.7: {}

  eventemitter3@5.0.1: {}

  fetch-blob@3.2.0:
    dependencies:
      node-domexception: 1.0.0
      web-streams-polyfill: 3.3.3

  formdata-polyfill@4.0.10:
    dependencies:
      fetch-blob: 3.2.0

  json-stringify-safe@5.0.1: {}

  log-prefix@0.1.1: {}

  log-timestamp@0.3.0:
    dependencies:
      log-prefix: 0.1.1

  mock-socket@9.3.1: {}

  ms@2.1.3: {}

  nock@13.5.6:
    dependencies:
      debug: 4.4.0
      json-stringify-safe: 5.0.1
      propagate: 2.0.1
    transitivePeerDependencies:
      - supports-color

  node-domexception@1.0.0: {}

  node-fetch@3.3.2:
    dependencies:
      data-uri-to-buffer: 4.0.1
      fetch-blob: 3.2.0
      formdata-polyfill: 4.0.10

  propagate@2.0.1: {}

  rxjs@7.8.2:
    dependencies:
      tslib: 2.8.1

  scale-ts@1.6.1:
    optional: true

  smoldot@2.0.26:
    dependencies:
      ws: 8.18.1
    transitivePeerDependencies:
      - bufferutil
      - utf-8-validate
    optional: true

  tslib@2.8.1: {}

  typescript@5.8.3: {}

  undici-types@6.21.0: {}

  web-streams-polyfill@3.3.3: {}

  ws@8.18.1: {}
